
Microsoft Visual Studio Solution File, Format Version 12.00
# Visual Studio Version 16
VisualStudioVersion = 16.0.29609.76
MinimumVisualStudioVersion = 10.0.40219.1
Project("{FAE04EC0-301F-11D3-BF4B-00C04F79EFBC}") = "proiect", "proiect.csproj", "{5E116086-B2CD-4F63-8AC0-7E2D90C23F2A}"
EndProject
Global
	GlobalSection(SolutionConfigurationPlatforms) = preSolution
		Debug|Any CPU = Debug|Any CPU
		Release|Any CPU = Release|Any CPU
	EndGlobalSection
	GlobalSection(ProjectConfigurationPlatforms) = postSolution
		{5E116086-B2CD-4F63-8AC0-7E2D90C23F2A}.Debug|Any CPU.ActiveCfg = Debug|Any CPU
		{5E116086-B2CD-4F63-8AC0-7E2D90C23F2A}.Debug|Any CPU.Build.0 = Debug|Any CPU
		{5E116086-B2CD-4F63-8AC0-7E2D90C23F2A}.Release|Any CPU.ActiveCfg = Release|Any CPU
		{5E116086-B2CD-4F63-8AC0-7E2D90C23F2A}.Release|Any CPU.Build.0 = Release|Any CPU
	EndGlobalSection
	GlobalSection(SolutionProperties) = preSolution
		HideSolutionNode = FALSE
	EndGlobalSection
	GlobalSection(ExtensibilityGlobals) = postSolution
		SolutionGuid = {5B974900-83E5-4797-ACDA-97B9FCA02960}
	EndGlobalSection
EndGlobal
